
Microsoft Visual Studio Solution File, Format Version 12.00
# Visual Studio Version 16
VisualStudioVersion = 16.0.30413.136
MinimumVisualStudioVersion = 10.0.40219.1
Project("{FAE04EC0-301F-11D3-BF4B-00C04F79EFBC}") = "DataScienceInCSharp_dotNetStandard", "DataScienceInCSharp_dotNetStandard\DataScienceInCSharp_dotNetStandard.csproj", "{2445E3BB-4513-4720-99D9-FB522EF70468}"
EndProject
Global
	GlobalSection(SolutionConfigurationPlatforms) = preSolution
		Debug|Any CPU = Debug|Any CPU
		Release|Any CPU = Release|Any CPU
	EndGlobalSection
	GlobalSection(ProjectConfigurationPlatforms) = postSolution
		{2445E3BB-4513-4720-99D9-FB522EF70468}.Debug|Any CPU.ActiveCfg = Debug|Any CPU
		{2445E3BB-4513-4720-99D9-FB522EF70468}.Debug|Any CPU.Build.0 = Debug|Any CPU
		{2445E3BB-4513-4720-99D9-FB522EF70468}.Release|Any CPU.ActiveCfg = Release|Any CPU
		{2445E3BB-4513-4720-99D9-FB522EF70468}.Release|Any CPU.Build.0 = Release|Any CPU
	EndGlobalSection
	GlobalSection(SolutionProperties) = preSolution
		HideSolutionNode = FALSE
	EndGlobalSection
	GlobalSection(ExtensibilityGlobals) = postSolution
		SolutionGuid = {14710C65-9F01-4D9A-B022-E0C00A3E66E5}
	EndGlobalSection
EndGlobal
